
Microsoft Visual Studio Solution File, Format Version 12.00
Project("{FAE04EC0-301F-11D3-BF4B-00C04F79EFBC}") = "QodanaCoverageTest", "QodanaCoverageTest.csproj", "{2849E952-A756-4191-AC98-AF80D2848500}"
EndProject
Project("{FAE04EC0-301F-11D3-BF4B-00C04F79EFBC}") = "UnitTestProject", "UnitTestProject\UnitTestProject.csproj", "{4ED497EE-E195-4408-B5B9-861FED661884}"
EndProject
Global
	GlobalSection(SolutionConfigurationPlatforms) = preSolution
		Debug|Any CPU = Debug|Any CPU
		Release|Any CPU = Release|Any CPU
	EndGlobalSection
	GlobalSection(ProjectConfigurationPlatforms) = postSolution
		{2849E952-A756-4191-AC98-AF80D2848500}.Debug|Any CPU.ActiveCfg = Debug|Any CPU
		{2849E952-A756-4191-AC98-AF80D2848500}.Debug|Any CPU.Build.0 = Debug|Any CPU
		{2849E952-A756-4191-AC98-AF80D2848500}.Release|Any CPU.ActiveCfg = Release|Any CPU
		{2849E952-A756-4191-AC98-AF80D2848500}.Release|Any CPU.Build.0 = Release|Any CPU
		{4ED497EE-E195-4408-B5B9-861FED661884}.Debug|Any CPU.ActiveCfg = Debug|Any CPU
		{4ED497EE-E195-4408-B5B9-861FED661884}.Debug|Any CPU.Build.0 = Debug|Any CPU
		{4ED497EE-E195-4408-B5B9-861FED661884}.Release|Any CPU.ActiveCfg = Release|Any CPU
		{4ED497EE-E195-4408-B5B9-861FED661884}.Release|Any CPU.Build.0 = Release|Any CPU
	EndGlobalSection
EndGlobal
